
Microsoft Visual Studio Solution File, Format Version 12.00
# Visual Studio Version 17
VisualStudioVersion = 17.13.35919.96 d17.13
MinimumVisualStudioVersion = 10.0.40219.1
Project("{FAE04EC0-301F-11D3-BF4B-00C04F79EFBC}") = "CadastroDeFornecedores", "CadastroDeFornecedores.csproj", "{A731E2F5-B9F8-41D1-AD74-5C3B42BB1FD3}"
EndProject
Global
	GlobalSection(SolutionConfigurationPlatforms) = preSolution
		Debug|Any CPU = Debug|Any CPU
		Release|Any CPU = Release|Any CPU
	EndGlobalSection
	GlobalSection(ProjectConfigurationPlatforms) = postSolution
		{A731E2F5-B9F8-41D1-AD74-5C3B42BB1FD3}.Debug|Any CPU.ActiveCfg = Debug|Any CPU
		{A731E2F5-B9F8-41D1-AD74-5C3B42BB1FD3}.Debug|Any CPU.Build.0 = Debug|Any CPU
		{A731E2F5-B9F8-41D1-AD74-5C3B42BB1FD3}.Release|Any CPU.ActiveCfg = Release|Any CPU
		{A731E2F5-B9F8-41D1-AD74-5C3B42BB1FD3}.Release|Any CPU.Build.0 = Release|Any CPU
	EndGlobalSection
	GlobalSection(SolutionProperties) = preSolution
		HideSolutionNode = FALSE
	EndGlobalSection
	GlobalSection(ExtensibilityGlobals) = postSolution
		SolutionGuid = {1E73BBF3-0967-4374-9691-2CC66A19836A}
	EndGlobalSection
EndGlobal
